// !$*UTF8*$!
{
 archiveVersion = 1;
 classes = {};
 objectVersion = 60;
 objects = {
 000000000000000000000064 = {isa = PBXFileReference; lastKnownFileType = sourcecode.swift; path = "Sources/TextDump/AppStore.swift"; sourceTree = SOURCE_ROOT; };
0000000000000000000000C8 = {isa = PBXBuildFile; fileRef = 000000000000000000000064; };
000000000000000000000065 = {isa = PBXFileReference; lastKnownFileType = sourcecode.swift; path = "Sources/TextDump/Distribution.swift"; sourceTree = SOURCE_ROOT; };
0000000000000000000000C9 = {isa = PBXBuildFile; fileRef = 000000000000000000000065; };
000000000000000000000066 = {isa = PBXFileReference; lastKnownFileType = sourcecode.swift; path = "Sources/TextDump/Editor.swift"; sourceTree = SOURCE_ROOT; };
0000000000000000000000CA = {isa = PBXBuildFile; fileRef = 000000000000000000000066; };
000000000000000000000067 = {isa = PBXFileReference; lastKnownFileType = sourcecode.swift; path = "Sources/TextDump/PublicInformation.swift"; sourceTree = SOURCE_ROOT; };
0000000000000000000000CB = {isa = PBXBuildFile; fileRef = 000000000000000000000067; };
000000000000000000000068 = {isa = PBXFileReference; lastKnownFileType = sourcecode.swift; path = "Sources/TextDump/QuickCapturePermissionMonitor.swift"; sourceTree = SOURCE_ROOT; };
0000000000000000000000CC = {isa = PBXBuildFile; fileRef = 000000000000000000000068; };
000000000000000000000069 = {isa = PBXFileReference; lastKnownFileType = sourcecode.swift; path = "Sources/TextDump/QuickCaptureShortcut.swift"; sourceTree = SOURCE_ROOT; };
0000000000000000000000CD = {isa = PBXBuildFile; fileRef = 000000000000000000000069; };
00000000000000000000006A = {isa = PBXFileReference; lastKnownFileType = sourcecode.swift; path = "Sources/TextDump/StoreQuickCaptureShortcut.swift"; sourceTree = SOURCE_ROOT; };
0000000000000000000000CE = {isa = PBXBuildFile; fileRef = 00000000000000000000006A; };
00000000000000000000006B = {isa = PBXFileReference; lastKnownFileType = sourcecode.swift; path = "Sources/TextDump/TextDumpApp.swift"; sourceTree = SOURCE_ROOT; };
0000000000000000000000CF = {isa = PBXBuildFile; fileRef = 00000000000000000000006B; };
00000000000000000000006C = {isa = PBXFileReference; lastKnownFileType = sourcecode.swift; path = "Sources/TextDump/WorkspaceView.swift"; sourceTree = SOURCE_ROOT; };
0000000000000000000000D0 = {isa = PBXBuildFile; fileRef = 00000000000000000000006C; };
00000000000000000000012C = {isa = PBXFileReference; lastKnownFileType = "image.icns"; path = "Resources/AppIcon.icns"; sourceTree = SOURCE_ROOT; };
000000000000000000000190 = {isa = PBXBuildFile; fileRef = 00000000000000000000012C; };
00000000000000000000012D = {isa = PBXFileReference; lastKnownFileType = "text.xml"; path = "Resources/PrivacyInfo.xcprivacy"; sourceTree = SOURCE_ROOT; };
000000000000000000000191 = {isa = PBXBuildFile; fileRef = 00000000000000000000012D; };
00000000000000000000012E = {isa = PBXFileReference; lastKnownFileType = "net.daringfireball.markdown"; path = "docs/PRIVACY.md"; sourceTree = SOURCE_ROOT; };
000000000000000000000192 = {isa = PBXBuildFile; fileRef = 00000000000000000000012E; };
00000000000000000000012F = {isa = PBXFileReference; lastKnownFileType = "net.daringfireball.markdown"; path = "docs/SUPPORT.md"; sourceTree = SOURCE_ROOT; };
000000000000000000000193 = {isa = PBXBuildFile; fileRef = 00000000000000000000012F; };
000000000000000000000130 = {isa = PBXFileReference; lastKnownFileType = "text"; path = "LICENSE"; sourceTree = SOURCE_ROOT; };
000000000000000000000194 = {isa = PBXBuildFile; fileRef = 000000000000000000000130; };
 000000000000000000000001 = {isa = PBXProject; attributes = {BuildIndependentTargetsInParallel = YES; LastUpgradeCheck = 1600; TargetAttributes = {000000000000000000000002 = {CreatedOnToolsVersion = 16.0; }; }; }; buildConfigurationList = 00000000000000000000000A; compatibilityVersion = "Xcode 15.0"; developmentRegion = en; hasScannedForEncodings = 0; knownRegions = (en, Base); mainGroup = 000000000000000000000003; packageReferences = (00000000000000000000001E); productRefGroup = 000000000000000000000004; projectDirPath = ""; projectRoot = ""; targets = (000000000000000000000002); };
 000000000000000000000002 = {isa = PBXNativeTarget; buildConfigurationList = 00000000000000000000000B; buildPhases = (000000000000000000000005, 000000000000000000000006, 000000000000000000000007); buildRules = (); dependencies = (); name = Jotwisp; packageProductDependencies = (00000000000000000000001F); productName = Jotwisp; productReference = 000000000000000000000008; productType = "com.apple.product-type.application"; };
 000000000000000000000003 = {isa = PBXGroup; children = (000000000000000000000064,000000000000000000000065,000000000000000000000066,000000000000000000000067,000000000000000000000068,000000000000000000000069,00000000000000000000006A,00000000000000000000006B,00000000000000000000006C, 00000000000000000000012C,00000000000000000000012D,00000000000000000000012E,00000000000000000000012F,000000000000000000000130, 000000000000000000000004); sourceTree = "<group>"; };
 000000000000000000000004 = {isa = PBXGroup; children = (000000000000000000000008); name = Products; sourceTree = "<group>"; };
 000000000000000000000005 = {isa = PBXSourcesBuildPhase; buildActionMask = 2147483647; files = (0000000000000000000000C8,0000000000000000000000C9,0000000000000000000000CA,0000000000000000000000CB,0000000000000000000000CC,0000000000000000000000CD,0000000000000000000000CE,0000000000000000000000CF,0000000000000000000000D0); runOnlyForDeploymentPostprocessing = 0; };
 000000000000000000000006 = {isa = PBXFrameworksBuildPhase; buildActionMask = 2147483647; files = (000000000000000000000020); runOnlyForDeploymentPostprocessing = 0; };
 000000000000000000000007 = {isa = PBXResourcesBuildPhase; buildActionMask = 2147483647; files = (000000000000000000000190,000000000000000000000191,000000000000000000000192,000000000000000000000193,000000000000000000000194); runOnlyForDeploymentPostprocessing = 0; };
 000000000000000000000008 = {isa = PBXFileReference; explicitFileType = wrapper.application; includeInIndex = 0; path = Jotwisp.app; sourceTree = BUILT_PRODUCTS_DIR; };
 00000000000000000000000A = {isa = XCConfigurationList; buildConfigurations = (00000000000000000000000C, 00000000000000000000000D); defaultConfigurationIsVisible = 0; defaultConfigurationName = Release; };
 00000000000000000000000B = {isa = XCConfigurationList; buildConfigurations = (00000000000000000000000E, 00000000000000000000000F); defaultConfigurationIsVisible = 0; defaultConfigurationName = Release; };
 00000000000000000000000C = {isa = XCBuildConfiguration; buildSettings = {CLANG_ENABLE_MODULES = YES; MACOSX_DEPLOYMENT_TARGET = 14.0; SDKROOT = macosx; SWIFT_VERSION = 5.0; }; name = Debug; };
 00000000000000000000000D = {isa = XCBuildConfiguration; buildSettings = {CLANG_ENABLE_MODULES = YES; MACOSX_DEPLOYMENT_TARGET = 14.0; SDKROOT = macosx; SWIFT_VERSION = 5.0; }; name = Release; };
 00000000000000000000000E = {isa = XCBuildConfiguration; baseConfigurationReference = 000000000000000000000028; buildSettings = {SWIFT_OPTIMIZATION_LEVEL = "-Onone"; SWIFT_ACTIVE_COMPILATION_CONDITIONS = "$(inherited) DEBUG"; DEBUG_INFORMATION_FORMAT = dwarf; ONLY_ACTIVE_ARCH = YES; }; name = Debug; };
 00000000000000000000000F = {isa = XCBuildConfiguration; baseConfigurationReference = 000000000000000000000028; buildSettings = {SWIFT_OPTIMIZATION_LEVEL = "-O"; SWIFT_COMPILATION_MODE = wholemodule; DEBUG_INFORMATION_FORMAT = "dwarf-with-dsym"; ONLY_ACTIVE_ARCH = NO; }; name = Release; };
 00000000000000000000001E = {isa = XCLocalSwiftPackageReference; relativePath = "."; };
 00000000000000000000001F = {isa = XCSwiftPackageProductDependency; productName = TextDumpCore; };
 000000000000000000000020 = {isa = PBXBuildFile; productRef = 00000000000000000000001F; };
 000000000000000000000028 = {isa = PBXFileReference; lastKnownFileType = text.xcconfig; path = Config/AppStore.xcconfig; sourceTree = SOURCE_ROOT; };
 };
 rootObject = 000000000000000000000001;
}
